
Microsoft Visual Studio Solution File, Format Version 12.00
# Visual Studio Version 17
VisualStudioVersion = 17.14.36518.9
MinimumVisualStudioVersion = 10.0.40219.1
Project("{FAE04EC0-301F-11D3-BF4B-00C04F79EFBC}") = "PlaywrightProject", "PlaywrightProject\PlaywrightProject.csproj", "{447F8DD6-8787-4818-A519-29FDE3CC2C41}"
EndProject
Project("{FAE04EC0-301F-11D3-BF4B-00C04F79EFBC}") = "ApiPortfolioProject", "ApiPortfolioProject\ApiPortfolioProject.csproj", "{040E3370-A4EB-1256-5AB2-3EC9A49D7587}"
EndProject
Global
	GlobalSection(SolutionConfigurationPlatforms) = preSolution
		Debug|Any CPU = Debug|Any CPU
		Release|Any CPU = Release|Any CPU
	EndGlobalSection
	GlobalSection(ProjectConfigurationPlatforms) = postSolution
		{447F8DD6-8787-4818-A519-29FDE3CC2C41}.Debug|Any CPU.ActiveCfg = Debug|Any CPU
		{447F8DD6-8787-4818-A519-29FDE3CC2C41}.Debug|Any CPU.Build.0 = Debug|Any CPU
		{447F8DD6-8787-4818-A519-29FDE3CC2C41}.Release|Any CPU.ActiveCfg = Release|Any CPU
		{447F8DD6-8787-4818-A519-29FDE3CC2C41}.Release|Any CPU.Build.0 = Release|Any CPU
		{040E3370-A4EB-1256-5AB2-3EC9A49D7587}.Debug|Any CPU.ActiveCfg = Debug|Any CPU
		{040E3370-A4EB-1256-5AB2-3EC9A49D7587}.Debug|Any CPU.Build.0 = Debug|Any CPU
		{040E3370-A4EB-1256-5AB2-3EC9A49D7587}.Release|Any CPU.ActiveCfg = Release|Any CPU
		{040E3370-A4EB-1256-5AB2-3EC9A49D7587}.Release|Any CPU.Build.0 = Release|Any CPU
	EndGlobalSection
	GlobalSection(SolutionProperties) = preSolution
		HideSolutionNode = FALSE
	EndGlobalSection
	GlobalSection(ExtensibilityGlobals) = postSolution
		SolutionGuid = {08AC7175-41CD-4F50-A05B-D31F120615B5}
	EndGlobalSection
EndGlobal
